{
  "nodes": {
    "nixpkgs": {
      "locked": {
        "lastModified": 1713895582,
        "narHash": "sha256-cfh1hi+6muQMbi9acOlju3V1gl8BEaZBXBR9jQfQi4U=",
        "owner": "nixos",
        "repo": "nixpkgs",
        "rev": "572af610f6151fd41c212f897c71f7056e3fb518",
        "type": "github"
      },
      "original": {
        "owner": "nixos",
        "ref": "nixos-unstable",
        "repo": "nixpkgs",
        "type": "github"
      }
    },
    "root": {
      "inputs": {
        "nixpkgs": "nixpkgs",
        "rose-pine-moon": "rose-pine-moon"
      }
    },
    "rose-pine-moon": {
      "flake": false,
      "locked": {
        "narHash": "sha256-D70tB29dNs9nDPP+d/TpYEHnNHSzMSh7OgBZ2vepTro=",
        "type": "file",
        "url": "https://raw.githubusercontent.com/rnd195/marp-community-themes/live/themes/rose-pine-moon.css"
      },
      "original": {
        "type": "file",
        "url": "https://raw.githubusercontent.com/rnd195/marp-community-themes/live/themes/rose-pine-moon.css"
      }
    }
  },
  "root": "root",
  "version": 7
}
